
Microsoft Visual Studio Solution File, Format Version 12.00
# Visual Studio Version 16
VisualStudioVersion = 16.0.31424.327
MinimumVisualStudioVersion = 10.0.40219.1
Project("{FAE04EC0-301F-11D3-BF4B-00C04F79EFBC}") = "PhoneDirectory.Domain", "PhoneDirectory.Domain\PhoneDirectory.Domain.csproj", "{60DF47B3-BA1F-4405-98C0-7D0691D6834C}"
EndProject
Project("{FAE04EC0-301F-11D3-BF4B-00C04F79EFBC}") = "PhoneDirectory.WebUI", "PhoneDirectory.WebUI\PhoneDirectory.WebUI.csproj", "{35BB5E4D-CEC6-4B21-BED3-1024ED79607F}"
	ProjectSection(ProjectDependencies) = postProject
		{60DF47B3-BA1F-4405-98C0-7D0691D6834C} = {60DF47B3-BA1F-4405-98C0-7D0691D6834C}
	EndProjectSection
EndProject
Global
	GlobalSection(SolutionConfigurationPlatforms) = preSolution
		Debug|Any CPU = Debug|Any CPU
		Release|Any CPU = Release|Any CPU
	EndGlobalSection
	GlobalSection(ProjectConfigurationPlatforms) = postSolution
		{60DF47B3-BA1F-4405-98C0-7D0691D6834C}.Debug|Any CPU.ActiveCfg = Debug|Any CPU
		{60DF47B3-BA1F-4405-98C0-7D0691D6834C}.Debug|Any CPU.Build.0 = Debug|Any CPU
		{60DF47B3-BA1F-4405-98C0-7D0691D6834C}.Release|Any CPU.ActiveCfg = Release|Any CPU
		{60DF47B3-BA1F-4405-98C0-7D0691D6834C}.Release|Any CPU.Build.0 = Release|Any CPU
		{35BB5E4D-CEC6-4B21-BED3-1024ED79607F}.Debug|Any CPU.ActiveCfg = Debug|Any CPU
		{35BB5E4D-CEC6-4B21-BED3-1024ED79607F}.Debug|Any CPU.Build.0 = Debug|Any CPU
		{35BB5E4D-CEC6-4B21-BED3-1024ED79607F}.Release|Any CPU.ActiveCfg = Release|Any CPU
		{35BB5E4D-CEC6-4B21-BED3-1024ED79607F}.Release|Any CPU.Build.0 = Release|Any CPU
	EndGlobalSection
	GlobalSection(SolutionProperties) = preSolution
		HideSolutionNode = FALSE
	EndGlobalSection
	GlobalSection(ExtensibilityGlobals) = postSolution
		SolutionGuid = {DAE60761-AEBD-4F82-9E78-5B9CFA651F71}
	EndGlobalSection
EndGlobal
